{
  "version": 4,
  "terraform_version": "1.5.7",
  "serial": 3,
  "lineage": "43b28398-a8ff-b052-a2e5-9eb9f3060196",
  "outputs": {},
  "resources": [
    {
      "mode": "managed",
      "type": "google_monitoring_alert_policy",
      "name": "workflows",
      "provider": "provider[\"registry.terraform.io/hashicorp/google\"]",
      "instances": [
        {
          "index_key": "project-vm-312320-VM Instance Created or Deleted or Stopped",
          "schema_version": 0,
          "attributes": {
            "alert_strategy": [
              {
                "auto_close": "",
                "notification_channel_strategy": [],
                "notification_rate_limit": [
                  {
                    "period": "300s"
                  }
                ]
              }
            ],
            "combiner": "OR",
            "conditions": [
              {
                "condition_absent": [],
                "condition_matched_log": [
                  {
                    "filter": "protoPayload.methodName=~\"beta.compute.*.insert\" OR protoPayload.methodName=\"compute.instances.insert\" OR protoPayload.methodName=\"v1.compute.instances.insert\" OR protoPayload.methodName=\"beta.compute.instances.delete\" OR protoPayload.methodName=\"compute.instances.delete\" OR protoPayload.methodName=\"v1.compute.instances.delete\" OR protoPayload.methodName=\"beta.compute.instances.stop\" OR protoPayload.methodName=\"compute.instances.stop\" OR protoPayload.methodName=\"v1.compute.instances.stop\"",
                    "label_extractors": null
                  }
                ],
                "condition_monitoring_query_language": [],
                "condition_prometheus_query_language": [],
                "condition_threshold": [],
                "display_name": "VM Instance Created or Deleted or Stopped",
                "name": "projects/project-vm-312320/alertPolicies/11390022428969267508/conditions/11390022428969270791"
              }
            ],
            "creation_record": [
              {
                "mutate_time": "2024-09-13T16:54:56.637885445Z",
                "mutated_by": "archer.murali@gmail.com"
              }
            ],
            "display_name": "vm-activity-alert",
            "documentation": [],
            "enabled": true,
            "id": "projects/project-vm-312320/alertPolicies/11390022428969267508",
            "name": "projects/project-vm-312320/alertPolicies/11390022428969267508",
            "notification_channels": [
              "projects/project-vm-312320/notificationChannels/4003887468376990216"
            ],
            "project": "project-vm-312320",
            "severity": "",
            "timeouts": null,
            "user_labels": null
          },
          "sensitive_attributes": [],
          "private": "eyJlMmJmYjczMC1lY2FhLTExZTYtOGY4OC0zNDM2M2JjN2M0YzAiOnsiY3JlYXRlIjoxMjAwMDAwMDAwMDAwLCJkZWxldGUiOjEyMDAwMDAwMDAwMDAsInVwZGF0ZSI6MTIwMDAwMDAwMDAwMH19"
        },
        {
          "index_key": "psyched-circuit-405312-VM Instance Created or Deleted or Stopped",
          "schema_version": 0,
          "attributes": {
            "alert_strategy": [
              {
                "auto_close": "",
                "notification_channel_strategy": [],
                "notification_rate_limit": [
                  {
                    "period": "300s"
                  }
                ]
              }
            ],
            "combiner": "OR",
            "conditions": [
              {
                "condition_absent": [],
                "condition_matched_log": [
                  {
                    "filter": "protoPayload.methodName=~\"beta.compute.*.insert\" OR protoPayload.methodName=\"compute.instances.insert\" OR protoPayload.methodName=\"v1.compute.instances.insert\" OR protoPayload.methodName=\"beta.compute.instances.delete\" OR protoPayload.methodName=\"compute.instances.delete\" OR protoPayload.methodName=\"v1.compute.instances.delete\" OR protoPayload.methodName=\"beta.compute.instances.stop\" OR protoPayload.methodName=\"compute.instances.stop\" OR protoPayload.methodName=\"v1.compute.instances.stop\"",
                    "label_extractors": null
                  }
                ],
                "condition_monitoring_query_language": [],
                "condition_prometheus_query_language": [],
                "condition_threshold": [],
                "display_name": "VM Instance Created or Deleted or Stopped",
                "name": "projects/psyched-circuit-405312/alertPolicies/7842168369155519202/conditions/7842168369155519997"
              }
            ],
            "creation_record": [
              {
                "mutate_time": "2024-09-13T16:54:55.911383254Z",
                "mutated_by": "archer.murali@gmail.com"
              }
            ],
            "display_name": "vm-activity-alert",
            "documentation": [],
            "enabled": true,
            "id": "projects/psyched-circuit-405312/alertPolicies/7842168369155519202",
            "name": "projects/psyched-circuit-405312/alertPolicies/7842168369155519202",
            "notification_channels": [
              "projects/psyched-circuit-405312/notificationChannels/15836166878221809443"
            ],
            "project": "psyched-circuit-405312",
            "severity": "",
            "timeouts": null,
            "user_labels": null
          },
          "sensitive_attributes": [],
          "private": "eyJlMmJmYjczMC1lY2FhLTExZTYtOGY4OC0zNDM2M2JjN2M0YzAiOnsiY3JlYXRlIjoxMjAwMDAwMDAwMDAwLCJkZWxldGUiOjEyMDAwMDAwMDAwMDAsInVwZGF0ZSI6MTIwMDAwMDAwMDAwMH19"
        }
      ]
    }
  ],
  "check_results": null
}
